
Microsoft Visual Studio Solution File, Format Version 12.00
# Visual Studio Version 16
VisualStudioVersion = 16.0.31402.337
MinimumVisualStudioVersion = 10.0.40219.1
Project("{FAE04EC0-301F-11D3-BF4B-00C04F79EFBC}") = "SeleniumTesting", "SeleniumTesting\SeleniumTesting.csproj", "{091E1DA6-D433-4D21-BB01-23975F2223D2}"
EndProject
Global
	GlobalSection(SolutionConfigurationPlatforms) = preSolution
		Debug|Any CPU = Debug|Any CPU
		Release|Any CPU = Release|Any CPU
	EndGlobalSection
	GlobalSection(ProjectConfigurationPlatforms) = postSolution
		{091E1DA6-D433-4D21-BB01-23975F2223D2}.Debug|Any CPU.ActiveCfg = Debug|Any CPU
		{091E1DA6-D433-4D21-BB01-23975F2223D2}.Debug|Any CPU.Build.0 = Debug|Any CPU
		{091E1DA6-D433-4D21-BB01-23975F2223D2}.Release|Any CPU.ActiveCfg = Release|Any CPU
		{091E1DA6-D433-4D21-BB01-23975F2223D2}.Release|Any CPU.Build.0 = Release|Any CPU
	EndGlobalSection
	GlobalSection(SolutionProperties) = preSolution
		HideSolutionNode = FALSE
	EndGlobalSection
	GlobalSection(ExtensibilityGlobals) = postSolution
		SolutionGuid = {3930852D-7EB8-43CE-BCF4-E4E86397B07E}
	EndGlobalSection
EndGlobal
